lockfileVersion: '9.0'

settings:
  autoInstallPeers: true
  excludeLinksFromLockfile: false

importers:

  .:
    dependencies:
      '@taxum/core':
        specifier: ^1.2.2
        version: 1.2.2
      fast-escape-html:
        specifier: ^1.1.0
        version: 1.1.0
      openapi3-ts:
        specifier: ^4.5.0
        version: 4.5.0
      zod:
        specifier: ^4.3.6
        version: 4.3.6
    devDependencies:
      '@biomejs/biome':
        specifier: 2.4.8
        version: 2.4.8
      '@commitlint/cli':
        specifier: ^20.5.0
        version: 20.5.0(@types/node@25.5.0)(conventional-commits-parser@6.4.0)(typescript@6.0.2)
      '@commitlint/config-conventional':
        specifier: ^20.5.0
        version: 20.5.0
      '@tsconfig/node24':
        specifier: ^24.0.4
        version: 24.0.4
      '@types/node':
        specifier: ^25.5.0
        version: 25.5.0
      lefthook:
        specifier: ^2.1.4
        version: 2.1.4
      tsx:
        specifier: ^4.21.0
        version: 4.21.0
      typescript:
        specifier: ^6.0.2
        version: 6.0.2

packages:

  '@babel/code-frame@7.29.0':
    resolution: {integrity: sha512-9NhCeYjq9+3uxgdtp20LSiJXJvN0FeCtNGpJxuMFZ1Kv3cWUNb6DOhJwUvcVCzKGR66cw4njwM6hrJLqgOwbcw==}
    engines: {node: '>=6.9.0'}

  '@babel/helper-validator-identifier@7.28.5':
    resolution: {integrity: sha512-qSs4ifwzKJSV39ucNjsvc6WVHs6b7S03sOh2OcHF9UHfVPqWWALUsNUVzhSBiItjRZoLHx7nIarVjqKVusUZ1Q==}
    engines: {node: '>=6.9.0'}

  '@biomejs/biome@2.4.8':
    resolution: {integrity: sha512-ponn0oKOky1oRXBV+rlSaUlixUxf1aZvWC19Z41zBfUOUesthrQqL3OtiAlSB1EjFjyWpn98Q64DHelhA6jNlA==}
    engines: {node: '>=14.21.3'}
    hasBin: true

  '@biomejs/cli-darwin-arm64@2.4.8':
    resolution: {integrity: sha512-ARx0tECE8I7S2C2yjnWYLNbBdDoPdq3oyNLhMglmuctThwUsuzFWRKrHmIGwIRWKz0Mat9DuzLEDp52hGnrxGQ==}
    engines: {node: '>=14.21.3'}
    cpu: [arm64]
    os: [darwin]

  '@biomejs/cli-darwin-x64@2.4.8':
    resolution: {integrity: sha512-Jg9/PsB9vDCJlANE8uhG7qDhb5w0Ix69D7XIIc8IfZPUoiPrbLm33k2Ig3NOJ/7nb3UbesFz3D1aDKm9DvzjhQ==}
    engines: {node: '>=14.21.3'}
    cpu: [x64]
    os: [darwin]

  '@biomejs/cli-linux-arm64-musl@2.4.8':
    resolution: {integrity: sha512-Zo9OhBQDJ3IBGPlqHiTISloo5H0+FBIpemqIJdW/0edJ+gEcLR+MZeZozcUyz3o1nXkVA7++DdRKQT0599j9jA==}
    engines: {node: '>=14.21.3'}
    cpu: [arm64]
    os: [linux]
    libc: [musl]

  '@biomejs/cli-linux-arm64@2.4.8':
    resolution: {integrity: sha512-5CdrsJct76XG2hpKFwXnEtlT1p+4g4yV+XvvwBpzKsTNLO9c6iLlAxwcae2BJ7ekPGWjNGw9j09T5KGPKKxQig==}
    engines: {node: '>=14.21.3'}
    cpu: [arm64]
    os: [linux]
    libc: [glibc]

  '@biomejs/cli-linux-x64-musl@2.4.8':
    resolution: {integrity: sha512-Gi8quv8MEuDdKaPFtS2XjEnMqODPsRg6POT6KhoP+VrkNb+T2ywunVB+TvOU0LX1jAZzfBr+3V1mIbBhzAMKvw==}
    engines: {node: '>=14.21.3'}
    cpu: [x64]
    os: [linux]
    libc: [musl]

  '@biomejs/cli-linux-x64@2.4.8':
    resolution: {integrity: sha512-PdKXspVEaMCQLjtZCn6vfSck/li4KX9KGwSDbZdgIqlrizJ2MnMcE3TvHa2tVfXNmbjMikzcfJpuPWH695yJrw==}
    engines: {node: '>=14.21.3'}
    cpu: [x64]
    os: [linux]
    libc: [glibc]

  '@biomejs/cli-win32-arm64@2.4.8':
    resolution: {integrity: sha512-LoFatS0tnHv6KkCVpIy3qZCih+MxUMvdYiPWLHRri7mhi2vyOOs8OrbZBcLTUEWCS+ktO72nZMy4F96oMhkOHQ==}
    engines: {node: '>=14.21.3'}
    cpu: [arm64]
    os: [win32]

  '@biomejs/cli-win32-x64@2.4.8':
    resolution: {integrity: sha512-vAn7iXDoUbqFXqVocuq1sMYAd33p8+mmurqJkWl6CtIhobd/O6moe4rY5AJvzbunn/qZCdiDVcveqtkFh1e7Hg==}
    engines: {node: '>=14.21.3'}
    cpu: [x64]
    os: [win32]

  '@commitlint/cli@20.5.0':
    resolution: {integrity: sha512-yNkyN/tuKTJS3wdVfsZ2tXDM4G4Gi7z+jW54Cki8N8tZqwKBltbIvUUrSbT4hz1bhW/h0CdR+5sCSpXD+wMKaQ==}
    engines: {node: '>=v18'}
    hasBin: true

  '@commitlint/config-conventional@20.5.0':
    resolution: {integrity: sha512-t3Ni88rFw1XMa4nZHgOKJ8fIAT9M2j5TnKyTqJzsxea7FUetlNdYFus9dz+MhIRZmc16P0PPyEfh6X2d/qw8SA==}
    engines: {node: '>=v18'}

  '@commitlint/config-validator@20.5.0':
    resolution: {integrity: sha512-T/Uh6iJUzyx7j35GmHWdIiGRQB+ouZDk0pwAaYq4SXgB54KZhFdJ0vYmxiW6AMYICTIWuyMxDBl1jK74oFp/Gw==}
    engines: {node: '>=v18'}

  '@commitlint/ensure@20.5.0':
    resolution: {integrity: sha512-IpHqAUesBeW1EDDdjzJeaOxU9tnogLAyXLRBn03SHlj1SGENn2JGZqSWGkFvBJkJzfXAuCNtsoYzax+ZPS+puw==}
    engines: {node: '>=v18'}

  '@commitlint/execute-rule@20.0.0':
    resolution: {integrity: sha512-xyCoOShoPuPL44gVa+5EdZsBVao/pNzpQhkzq3RdtlFdKZtjWcLlUFQHSWBuhk5utKYykeJPSz2i8ABHQA+ZZw==}
    engines: {node: '>=v18'}

  '@commitlint/format@20.5.0':
    resolution: {integrity: sha512-TI9EwFU/qZWSK7a5qyXMpKPPv3qta7FO4tKW+Wt2al7sgMbLWTsAcDpX1cU8k16TRdsiiet9aOw0zpvRXNJu7Q==}
    engines: {node: '>=v18'}

  '@commitlint/is-ignored@20.5.0':
    resolution: {integrity: sha512-JWLarAsurHJhPozbuAH6GbP4p/hdOCoqS9zJMfqwswne+/GPs5V0+rrsfOkP68Y8PSLphwtFXV0EzJ+GTXTTGg==}
    engines: {node: '>=v18'}

  '@commitlint/lint@20.5.0':
    resolution: {integrity: sha512-jiM3hNUdu04jFBf1VgPdjtIPvbuVfDTBAc6L98AWcoLjF5sYqkulBHBzlVWll4rMF1T5zeQFB6r//a+s+BBKlA==}
    engines: {node: '>=v18'}

  '@commitlint/load@20.5.0':
    resolution: {integrity: sha512-sLhhYTL/KxeOTZjjabKDhwidGZan84XKK1+XFkwDYL/4883kIajcz/dZFAhBJmZPtL8+nBx6bnkzA95YxPeDPw==}
    engines: {node: '>=v18'}

  '@commitlint/message@20.4.3':
    resolution: {integrity: sha512-6akwCYrzcrFcTYz9GyUaWlhisY4lmQ3KvrnabmhoeAV8nRH4dXJAh4+EUQ3uArtxxKQkvxJS78hNX2EU3USgxQ==}
    engines: {node: '>=v18'}

  '@commitlint/parse@20.5.0':
    resolution: {integrity: sha512-SeKWHBMk7YOTnnEWUhx+d1a9vHsjjuo6Uo1xRfPNfeY4bdYFasCH1dDpAv13Lyn+dDPOels+jP6D2GRZqzc5fA==}
    engines: {node: '>=v18'}

  '@commitlint/read@20.5.0':
    resolution: {integrity: sha512-JDEIJ2+GnWpK8QqwfmW7O42h0aycJEWNqcdkJnyzLD11nf9dW2dWLTVEa8Wtlo4IZFGLPATjR5neA5QlOvIH1w==}
    engines: {node: '>=v18'}

  '@commitlint/resolve-extends@20.5.0':
    resolution: {integrity: sha512-3SHPWUW2v0tyspCTcfSsYml0gses92l6TlogwzvM2cbxDgmhSRc+fldDjvGkCXJrjSM87BBaWYTPWwwyASZRrg==}
    engines: {node: '>=v18'}

  '@commitlint/rules@20.5.0':
    resolution: {integrity: sha512-5NdQXQEdnDPT5pK8O39ZA7HohzPRHEsDGU23cyVCNPQy4WegAbAwrQk3nIu7p2sl3dutPk8RZd91yKTrMTnRkQ==}
    engines: {node: '>=v18'}

  '@commitlint/to-lines@20.0.0':
    resolution: {integrity: sha512-2l9gmwiCRqZNWgV+pX1X7z4yP0b3ex/86UmUFgoRt672Ez6cAM2lOQeHFRUTuE6sPpi8XBCGnd8Kh3bMoyHwJw==}
    engines: {node: '>=v18'}

  '@commitlint/top-level@20.4.3':
    resolution: {integrity: sha512-qD9xfP6dFg5jQ3NMrOhG0/w5y3bBUsVGyJvXxdWEwBm8hyx4WOk3kKXw28T5czBYvyeCVJgJJ6aoJZUWDpaacQ==}
    engines: {node: '>=v18'}

  '@commitlint/types@20.5.0':
    resolution: {integrity: sha512-ZJoS8oSq2CAZEpc/YI9SulLrdiIyXeHb/OGqGrkUP6Q7YV+0ouNAa7GjqRdXeQPncHQIDz/jbCTlHScvYvO/gA==}
    engines: {node: '>=v18'}

  '@conventional-changelog/git-client@2.6.0':
    resolution: {integrity: sha512-T+uPDciKf0/ioNNDpMGc8FDsehJClZP0yR3Q5MN6wE/Y/1QZ7F+80OgznnTCOlMEG4AV0LvH2UJi3C/nBnaBUg==}
    engines: {node: '>=18'}
    peerDependencies:
      conventional-commits-filter: ^5.0.0
      conventional-commits-parser: ^6.3.0
    peerDependenciesMeta:
      conventional-commits-filter:
        optional: true
      conventional-commits-parser:
        optional: true

  '@esbuild/aix-ppc64@0.27.5':
    resolution: {integrity: sha512-nGsF/4C7uzUj+Nj/4J+Zt0bYQ6bz33Phz8Lb2N80Mti1HjGclTJdXZ+9APC4kLvONbjxN1zfvYNd8FEcbBK/MQ==}
    engines: {node: '>=18'}
    cpu: [ppc64]
    os: [aix]

  '@esbuild/android-arm64@0.27.5':
    resolution: {integrity: sha512-Oeghq+XFgh1pUGd1YKs4DDoxzxkoUkvko+T/IVKwlghKLvvjbGFB3ek8VEDBmNvqhwuL0CQS3cExdzpmUyIrgA==}
    engines: {node: '>=18'}
    cpu: [arm64]
    os: [android]

  '@esbuild/android-arm@0.27.5':
    resolution: {integrity: sha512-Cv781jd0Rfj/paoNrul1/r4G0HLvuFKYh7C9uHZ2Pl8YXstzvCyyeWENTFR9qFnRzNMCjXmsulZuvosDg10Mog==}
    engines: {node: '>=18'}
    cpu: [arm]
    os: [android]

  '@esbuild/android-x64@0.27.5':
    resolution: {integrity: sha512-nQD7lspbzerlmtNOxYMFAGmhxgzn8Z7m9jgFkh6kpkjsAhZee1w8tJW3ZlW+N9iRePz0oPUDrYrXidCPSImD0Q==}
    engines: {node: '>=18'}
    cpu: [x64]
    os: [android]

  '@esbuild/darwin-arm64@0.27.5':
    resolution: {integrity: sha512-I+Ya/MgC6rr8oRWGRDF3BXDfP8K1BVUggHqN6VI2lUZLdDi1IM1v2cy0e3lCPbP+pVcK3Tv8cgUhHse1kaNZZw==}
    engines: {node: '>=18'}
    cpu: [arm64]
    os: [darwin]

  '@esbuild/darwin-x64@0.27.5':
    resolution: {integrity: sha512-MCjQUtC8wWJn/pIPM7vQaO69BFgwPD1jriEdqwTCKzWjGgkMbcg+M5HzrOhPhuYe1AJjXlHmD142KQf+jnYj8A==}
    engines: {node: '>=18'}
    cpu: [x64]
    os: [darwin]

  '@esbuild/freebsd-arm64@0.27.5':
    resolution: {integrity: sha512-X6xVS+goSH0UelYXnuf4GHLwpOdc8rgK/zai+dKzBMnncw7BTQIwquOodE7EKvY2UVUetSqyAfyZC1D+oqLQtg==}
    engines: {node: '>=18'}
    cpu: [arm64]
    os: [freebsd]

  '@esbuild/freebsd-x64@0.27.5':
    resolution: {integrity: sha512-233X1FGo3a8x1ekLB6XT69LfZ83vqz+9z3TSEQCTYfMNY880A97nr81KbPcAMl9rmOFp11wO0dP+eB18KU/Ucg==}
    engines: {node: '>=18'}
    cpu: [x64]
    os: [freebsd]

  '@esbuild/linux-arm64@0.27.5':
    resolution: {integrity: sha512-euKkilsNOv7x/M1NKsx5znyprbpsRFIzTV6lWziqJch7yWYayfLtZzDxDTl+LSQDJYAjd9TVb/Kt5UKIrj2e4A==}
    engines: {node: '>=18'}
    cpu: [arm64]
    os: [linux]

  '@esbuild/linux-arm@0.27.5':
    resolution: {integrity: sha512-0wkVrYHG4sdCCN/bcwQ7yYMXACkaHc3UFeaEOwSVW6e5RycMageYAFv+JS2bKLwHyeKVUvtoVH+5/RHq0fgeFw==}
    engines: {node: '>=18'}
    cpu: [arm]
    os: [linux]

  '@esbuild/linux-ia32@0.27.5':
    resolution: {integrity: sha512-hVRQX4+P3MS36NxOy24v/Cdsimy/5HYePw+tmPqnNN1fxV0bPrFWR6TMqwXPwoTM2VzbkA+4lbHWUKDd5ZDA/w==}
    engines: {node: '>=18'}
    cpu: [ia32]
    os: [linux]

  '@esbuild/linux-loong64@0.27.5':
    resolution: {integrity: sha512-mKqqRuOPALI8nDzhOBmIS0INvZOOFGGg5n1osGIXAx8oersceEbKd4t1ACNTHM3sJBXGFAlEgqM+svzjPot+ZQ==}
    engines: {node: '>=18'}
    cpu: [loong64]
    os: [linux]

  '@esbuild/linux-mips64el@0.27.5':
    resolution: {integrity: sha512-EE/QXH9IyaAj1qeuIV5+/GZkBTipgGO782Ff7Um3vPS9cvLhJJeATy4Ggxikz2inZ46KByamMn6GqtqyVjhenA==}
    engines: {node: '>=18'}
    cpu: [mips64el]
    os: [linux]

  '@esbuild/linux-ppc64@0.27.5':
    resolution: {integrity: sha512-0V2iF1RGxBf1b7/BjurA5jfkl7PtySjom1r6xOK2q9KWw/XCpAdtB6KNMO+9xx69yYfSCRR9FE0TyKfHA2eQMw==}
    engines: {node: '>=18'}
    cpu: [ppc64]
    os: [linux]

  '@esbuild/linux-riscv64@0.27.5':
    resolution: {integrity: sha512-rYxThBx6G9HN6tFNuvB/vykeLi4VDsm5hE5pVwzqbAjZEARQrWu3noZSfbEnPZ/CRXP3271GyFk/49up2W190g==}
    engines: {node: '>=18'}
    cpu: [riscv64]
    os: [linux]

  '@esbuild/linux-s390x@0.27.5':
    resolution: {integrity: sha512-uEP2q/4qgd8goEUc4QIdU/1P2NmEtZ/zX5u3OpLlCGhJIuBIv0s0wr7TB2nBrd3/A5XIdEkkS5ZLF0ULuvaaYQ==}
    engines: {node: '>=18'}
    cpu: [s390x]
    os: [linux]

  '@esbuild/linux-x64@0.27.5':
    resolution: {integrity: sha512-+Gq47Wqq6PLOOZuBzVSII2//9yyHNKZLuwfzCemqexqOQCSz0zy0O26kIzyp9EMNMK+nZ0tFHBZrCeVUuMs/ew==}
    engines: {node: '>=18'}
    cpu: [x64]
    os: [linux]

  '@esbuild/netbsd-arm64@0.27.5':
    resolution: {integrity: sha512-3F/5EG8VHfN/I+W5cO1/SV2H9Q/5r7vcHabMnBqhHK2lTWOh3F8vixNzo8lqxrlmBtZVFpW8pmITHnq54+Tq4g==}
    engines: {node: '>=18'}
    cpu: [arm64]
    os: [netbsd]

  '@esbuild/netbsd-x64@0.27.5':
    resolution: {integrity: sha512-28t+Sj3CPN8vkMOlZotOmDgilQwVvxWZl7b8rxpn73Tt/gCnvrHxQUMng4uu3itdFvrtba/1nHejvxqz8xgEMA==}
    engines: {node: '>=18'}
    cpu: [x64]
    os: [netbsd]

  '@esbuild/openbsd-arm64@0.27.5':
    resolution: {integrity: sha512-Doz/hKtiuVAi9hMsBMpwBANhIZc8l238U2Onko3t2xUp8xtM0ZKdDYHMnm/qPFVthY8KtxkXaocwmMh6VolzMA==}
    engines: {node: '>=18'}
    cpu: [arm64]
    os: [openbsd]

  '@esbuild/openbsd-x64@0.27.5':
    resolution: {integrity: sha512-WfGVaa1oz5A7+ZFPkERIbIhKT4olvGl1tyzTRaB5yoZRLqC0KwaO95FeZtOdQj/oKkjW57KcVF944m62/0GYtA==}
    engines: {node: '>=18'}
    cpu: [x64]
    os: [openbsd]

  '@esbuild/openharmony-arm64@0.27.5':
    resolution: {integrity: sha512-Xh+VRuh6OMh3uJ0JkCjI57l+DVe7VRGBYymen8rFPnTVgATBwA6nmToxM2OwTlSvrnWpPKkrQUj93+K9huYC6A==}
    engines: {node: '>=18'}
    cpu: [arm64]
    os: [openharmony]

  '@esbuild/sunos-x64@0.27.5':
    resolution: {integrity: sha512-aC1gpJkkaUADHuAdQfuVTnqVUTLqqUNhAvEwHwVWcnVVZvNlDPGA0UveZsfXJJ9T6k9Po4eHi3c02gbdwO3g6w==}
    engines: {node: '>=18'}
    cpu: [x64]
    os: [sunos]

  '@esbuild/win32-arm64@0.27.5':
    resolution: {integrity: sha512-0UNx2aavV0fk6UpZcwXFLztA2r/k9jTUa7OW7SAea1VYUhkug99MW1uZeXEnPn5+cHOd0n8myQay6TlFnBR07w==}
    engines: {node: '>=18'}
    cpu: [arm64]
    os: [win32]

  '@esbuild/win32-ia32@0.27.5':
    resolution: {integrity: sha512-5nlJ3AeJWCTSzR7AEqVjT/faWyqKU86kCi1lLmxVqmNR+j4HrYdns+eTGjS/vmrzCIe8inGQckUadvS0+JkKdQ==}
    engines: {node: '>=18'}
    cpu: [ia32]
    os: [win32]

  '@esbuild/win32-x64@0.27.5':
    resolution: {integrity: sha512-PWypQR+d4FLfkhBIV+/kHsUELAnMpx1bRvvsn3p+/sAERbnCzFrtDRG2Xw5n+2zPxBK2+iaP+vetsRl4Ti7WgA==}
    engines: {node: '>=18'}
    cpu: [x64]
    os: [win32]

  '@simple-libs/child-process-utils@1.0.2':
    resolution: {integrity: sha512-/4R8QKnd/8agJynkNdJmNw2MBxuFTRcNFnE5Sg/G+jkSsV8/UBgULMzhizWWW42p8L5H7flImV2ATi79Ove2Tw==}
    engines: {node: '>=18'}

  '@simple-libs/stream-utils@1.2.0':
    resolution: {integrity: sha512-KxXvfapcixpz6rVEB6HPjOUZT22yN6v0vI0urQSk1L8MlEWPDFCZkhw2xmkyoTGYeFw7tWTZd7e3lVzRZRN/EA==}
    engines: {node: '>=18'}

  '@standard-schema/spec@1.1.0':
    resolution: {integrity: sha512-l2aFy5jALhniG5HgqrD6jXLi/rUWrKvqN/qJx6yoJsgKhblVd+iqqU4RCXavm/jPityDo5TCvKMnpjKnOriy0w==}

  '@taxum/core@1.2.2':
    resolution: {integrity: sha512-v20Ob79W4a/7dIUKcdzOzRoFDY7yCMxpmHnjhgmYRlMFLgKpXA61gUNvENM7pX6FcpaZgXge0f43oA4ps1jDNw==}

  '@tsconfig/node24@24.0.4':
    resolution: {integrity: sha512-2A933l5P5oCbv6qSxHs7ckKwobs8BDAe9SJ/Xr2Hy+nDlwmLE1GhFh/g/vXGRZWgxBg9nX/5piDtHR9Dkw/XuA==}

  '@types/node@25.5.0':
    resolution: {integrity: sha512-jp2P3tQMSxWugkCUKLRPVUpGaL5MVFwF8RDuSRztfwgN1wmqJeMSbKlnEtQqU8UrhTmzEmZdu2I6v2dpp7XIxw==}

  ajv@8.18.0:
    resolution: {integrity: sha512-PlXPeEWMXMZ7sPYOHqmDyCJzcfNrUr3fGNKtezX14ykXOEIvyK81d+qydx89KY5O71FKMPaQ2vBfBFI5NHR63A==}

  ansi-regex@5.0.1:
    resolution: {integrity: sha512-quJQXlTSUGL2LH9SUXo8VwsY4soanhgo6LNSm84E1LBcE8s3O0wpdiRzyR9z/ZZJMlMWv37qOOb9pdJlMUEKFQ==}
    engines: {node: '>=8'}

  ansi-styles@4.3.0:
    resolution: {integrity: sha512-zbB9rCJAT1rbjiVDb2hqKFHNYLxgtk8NURxZ3IZwD3F6NtxbXZQCnnSi1Lkx+IDohdPlFp222wVALIheZJQSEg==}
    engines: {node: '>=8'}

  argparse@2.0.1:
    resolution: {integrity: sha512-8+9WqebbFzpX9OR+Wa6O29asIogeRMzcGtAINdpMHHyAg10f05aSFVBbcEqGf/PXw1EjAZ+q2/bEBg3DvurK3Q==}

  array-ify@1.0.0:
    resolution: {integrity: sha512-c5AMf34bKdvPhQ7tBGhqkgKNUzMr4WUs+WDtC2ZUGOUncbxKMTvqxYctiseW3+L4bA8ec+GcZ6/A/FW4m8ukng==}

  callsites@3.1.0:
    resolution: {integrity: sha512-P8BjAsXvZS+VIDUI11hHCQEv74YT67YUi5JJFNWIqL235sBmjX4+qx9Muvls5ivyNENctx46xQLQ3aTuE7ssaQ==}
    engines: {node: '>=6'}

  cliui@8.0.1:
    resolution: {integrity: sha512-BSeNnyus75C4//NQ9gQt1/csTXyo/8Sb+afLAkzAptFuMsod9HFokGNudZpi/oQV73hnVK+sR+5PVRMd+Dr7YQ==}
    engines: {node: '>=12'}

  color-convert@2.0.1:
    resolution: {integrity: sha512-RRECPsj7iu/xb5oKYcsFHSppFNnsj/52OVTRKb4zP5onXwVF3zVmmToNcOfGC+CRDpfK/U584fMg38ZHCaElKQ==}
    engines: {node: '>=7.0.0'}

  color-name@1.1.4:
    resolution: {integrity: sha512-dOy+3AuW3a2wNbZHIuMZpTcgjGuLU/uBL/ubcZF9OXbDo8ff4O8yVp5Bf0efS8uEoYo5q4Fx7dY9OgQGXgAsQA==}

  compare-func@2.0.0:
    resolution: {integrity: sha512-zHig5N+tPWARooBnb0Zx1MFcdfpyJrfTJ3Y5L+IFvUm8rM74hHz66z0gw0x4tijh5CorKkKUCnW82R2vmpeCRA==}

  conventional-changelog-angular@8.3.1:
    resolution: {integrity: sha512-6gfI3otXK5Ph5DfCOI1dblr+kN3FAm5a97hYoQkqNZxOaYa5WKfXH+AnpsmS+iUH2mgVC2Cg2Qw9m5OKcmNrIg==}
    engines: {node: '>=18'}

  conventional-changelog-conventionalcommits@9.3.1:
    resolution: {integrity: sha512-dTYtpIacRpcZgrvBYvBfArMmK2xvIpv2TaxM0/ZI5CBtNUzvF2x0t15HsbRABWprS6UPmvj+PzHVjSx4qAVKyw==}
    engines: {node: '>=18'}

  conventional-commits-parser@6.4.0:
    resolution: {integrity: sha512-tvRg7FIBNlyPzjdG8wWRlPHQJJHI7DylhtRGeU9Lq+JuoPh5BKpPRX83ZdLrvXuOSu5Eo/e7SzOQhU4Hd2Miuw==}
    engines: {node: '>=18'}
    hasBin: true

  cosmiconfig-typescript-loader@6.2.0:
    resolution: {integrity: sha512-GEN39v7TgdxgIoNcdkRE3uiAzQt3UXLyHbRHD6YoL048XAeOomyxaP+Hh/+2C6C2wYjxJ2onhJcsQp+L4YEkVQ==}
    engines: {node: '>=v18'}
    peerDependencies:
      '@types/node': '*'
      cosmiconfig: '>=9'
      typescript: '>=5'

  cosmiconfig@9.0.1:
    resolution: {integrity: sha512-hr4ihw+DBqcvrsEDioRO31Z17x71pUYoNe/4h6Z0wB72p7MU7/9gH8Q3s12NFhHPfYBBOV3qyfUxmr/Yn3shnQ==}
    engines: {node: '>=14'}
    peerDependencies:
      typescript: '>=4.9.5'
    peerDependenciesMeta:
      typescript:
        optional: true

  dot-prop@5.3.0:
    resolution: {integrity: sha512-QM8q3zDe58hqUqjraQOmzZ1LIH9SWQJTlEKCH4kJ2oQvLZk7RbQXvtDM2XEq3fwkV9CCvvH4LA0AV+ogFsBM2Q==}
    engines: {node: '>=8'}

  emoji-regex@8.0.0:
    resolution: {integrity: sha512-MSjYzcWNOA0ewAHpz0MxpYFvwg6yjy1NG3xteoqz644VCo/RPgnr1/GGt+ic3iJTzQ8Eu3TdM14SawnVUmGE6A==}

  env-paths@2.2.1:
    resolution: {integrity: sha512-+h1lkLKhZMTYjog1VEpJNG7NZJWcuc2DDk/qsqSTRRCOXiLjeQ1d1/udrUGhqMxUgAlwKNZ0cf2uqan5GLuS2A==}
    engines: {node: '>=6'}

  error-ex@1.3.4:
    resolution: {integrity: sha512-sqQamAnR14VgCr1A618A3sGrygcpK+HEbenA/HiEAkkUwcZIIB/tgWqHFxWgOyDh4nB4JCRimh79dR5Ywc9MDQ==}

  esbuild@0.27.5:
    resolution: {integrity: sha512-zdQoHBjuDqKsvV5OPaWansOwfSQ0Js+Uj9J85TBvj3bFW1JjWTSULMRwdQAc8qMeIScbClxeMK0jlrtB9linhA==}
    engines: {node: '>=18'}
    hasBin: true

  escalade@3.2.0:
    resolution: {integrity: sha512-WUj2qlxaQtO4g6Pq5c29GTcWGDyd8itL8zTlipgECz3JesAiiOKotd8JU6otB3PACgG6xkJUyVhboMS+bje/jA==}
    engines: {node: '>=6'}

  fast-decode-uri-component@1.0.1:
    resolution: {integrity: sha512-WKgKWg5eUxvRZGwW8FvfbaH7AXSh2cL+3j5fMGzUMCxWBJ3dV3a7Wz8y2f/uQ0e3B6WmodD3oS54jTQ9HVTIIg==}

  fast-deep-equal@3.1.3:
    resolution: {integrity: sha512-f3qQ9oQy9j2AhBe/H9VC91wLmKBCCU/gDOnKNAYG5hswO7BLKj09Hc5HYNz9cGI++xlpDCIgDaitVs03ATR84Q==}

  fast-escape-html@1.1.0:
    resolution: {integrity: sha512-nRvjfywv8gzIBs0fM/ht6S5scNUamm+o+91p/69cYYNWODb7b/UiQfjFx+6n8NMtdHs6K80kh+hW1dPNS/opIA==}

  fast-querystring@1.1.2:
    resolution: {integrity: sha512-g6KuKWmFXc0fID8WWH0jit4g0AGBoJhCkJMb1RmbsSEUNvQ+ZC8D6CUZ+GtF8nMzSPXnhiePyyqqipzNNEnHjg==}

  fast-uri@3.1.0:
    resolution: {integrity: sha512-iPeeDKJSWf4IEOasVVrknXpaBV0IApz/gp7S2bb7Z4Lljbl2MGJRqInZiUrQwV16cpzw/D3S5j5Julj/gT52AA==}

  find-my-way@9.5.0:
    resolution: {integrity: sha512-VW2RfnmscZO5KgBY5XVyKREMW5nMZcxDy+buTOsL+zIPnBlbKm+00sgzoQzq1EVh4aALZLfKdwv6atBGcjvjrQ==}
    engines: {node: '>=20'}

  fsevents@2.3.3:
    resolution: {integrity: sha512-5xoDfX+fL7faATnagmWPpbFtwh/R77WmMMqqHGS65C3vvB0YHrgF+B1YmZ3441tMj5n63k0212XNoJwzlhffQw==}
    engines: {node: ^8.16.0 || ^10.6.0 || >=11.0.0}
    os: [darwin]

  get-caller-file@2.0.5:
    resolution: {integrity: sha512-DyFP3BM/3YHTQOCUL/w0OZHR0lpKeGrxotcHWcqNEdnltqFwXVfhEBQ94eIo34AfQpo0rGki4cyIiftY06h2Fg==}
    engines: {node: 6.* || 8.* || >= 10.*}

  get-tsconfig@4.13.7:
    resolution: {integrity: sha512-7tN6rFgBlMgpBML5j8typ92BKFi2sFQvIdpAqLA2beia5avZDrMs0FLZiM5etShWq5irVyGcGMEA1jcDaK7A/Q==}

  git-raw-commits@5.0.1:
    resolution: {integrity: sha512-Y+csSm2GD/PCSh6Isd/WiMjNAydu0VBiG9J7EdQsNA5P9uXvLayqjmTsNlK5Gs9IhblFZqOU0yid5Il5JPoLiQ==}
    engines: {node: '>=18'}
    hasBin: true

  global-directory@4.0.1:
    resolution: {integrity: sha512-wHTUcDUoZ1H5/0iVqEudYW4/kAlN5cZ3j/bXn0Dpbizl9iaUVeWSHqiOjsgk6OW2bkLclbBjzewBz6weQ1zA2Q==}
    engines: {node: '>=18'}

  import-fresh@3.3.1:
    resolution: {integrity: sha512-TR3KfrTZTYLPB6jUjfx6MF9WcWrHL9su5TObK4ZkYgBdWKPOFoSoQIdEuTuR82pmtxH2spWG9h6etwfr1pLBqQ==}
    engines: {node: '>=6'}

  import-meta-resolve@4.2.0:
    resolution: {integrity: sha512-Iqv2fzaTQN28s/FwZAoFq0ZSs/7hMAHJVX+w8PZl3cY19Pxk6jFFalxQoIfW2826i/fDLXv8IiEZRIT0lDuWcg==}

  ini@4.1.1:
    resolution: {integrity: sha512-QQnnxNyfvmHFIsj7gkPcYymR8Jdw/o7mp5ZFihxn6h8Ci6fh3Dx4E1gPjpQEpIuPo9XVNY/ZUwh4BPMjGyL01g==}
    engines: {node: ^14.17.0 || ^16.13.0 || >=18.0.0}

  is-arrayish@0.2.1:
    resolution: {integrity: sha512-zz06S8t0ozoDXMG+ube26zeCTNXcKIPJZJi8hBrF4idCLms4CG9QtK7qBl1boi5ODzFpjswb5JPmHCbMpjaYzg==}

  is-fullwidth-code-point@3.0.0:
    resolution: {integrity: sha512-zymm5+u+sCsSWyD9qNaejV3DFvhCKclKdizYaJUuHA83RLjb7nSuGnddCHGv0hk+KY7BMAlsWeK4Ueg6EV6XQg==}
    engines: {node: '>=8'}

  is-obj@2.0.0:
    resolution: {integrity: sha512-drqDG3cbczxxEJRoOXcOjtdp1J/lyp1mNn0xaznRs8+muBhgQcrnbspox5X5fOw0HnMnbfDzvnEMEtqDEJEo8w==}
    engines: {node: '>=8'}

  is-plain-obj@4.1.0:
    resolution: {integrity: sha512-+Pgi+vMuUNkJyExiMBt5IlFoMyKnr5zhJ4Uspz58WOhBF5QoIZkFyNHIbBAtHwzVAgk5RtndVNsDRN61/mmDqg==}
    engines: {node: '>=12'}

  jiti@2.6.1:
    resolution: {integrity: sha512-ekilCSN1jwRvIbgeg/57YFh8qQDNbwDb9xT/qu2DAHbFFZUicIl4ygVaAvzveMhMVr3LnpSKTNnwt8PoOfmKhQ==}
    hasBin: true

  js-tokens@4.0.0:
    resolution: {integrity: sha512-RdJUflcE3cUzKiMqQgsCu06FPu9UdIJO0beYbPhHN4k6apgJtifcoCtT9bcxOpYBtpD2kCM6Sbzg4CausW/PKQ==}

  js-yaml@4.1.1:
    resolution: {integrity: sha512-qQKT4zQxXl8lLwBtHMWwaTcGfFOZviOJet3Oy/xmGk2gZH677CJM9EvtfdSkgWcATZhj/55JZ0rmy3myCT5lsA==}
    hasBin: true

  json-parse-even-better-errors@2.3.1:
    resolution: {integrity: sha512-xyFwyhro/JEof6Ghe2iz2NcXoj2sloNsWr/XsERDK/oiPCfaNhl5ONfp+jQdAZRQQ0IJWNzH9zIZF7li91kh2w==}

  json-schema-traverse@1.0.0:
    resolution: {integrity: sha512-NM8/P9n3XjXhIZn1lLhkFaACTOURQXjWhV4BA/RnOv8xvgqtqpAX9IO4mRQxSx1Rlo4tqzeqb0sOlruaOy3dug==}

  lefthook-darwin-arm64@2.1.4:
    resolution: {integrity: sha512-BUAAE9+rUrjr39a+wH/1zHmGrDdwUQ2Yq/z6BQbM/yUb9qtXBRcQ5eOXxApqWW177VhGBpX31aqIlfAZ5Q7wzw==}
    cpu: [arm64]
    os: [darwin]

  lefthook-darwin-x64@2.1.4:
    resolution: {integrity: sha512-K1ncIMEe84fe+ss1hQNO7rIvqiKy2TJvTFpkypvqFodT7mJXZn7GLKYTIXdIuyPAYthRa9DwFnx5uMoHwD2F1Q==}
    cpu: [x64]
    os: [darwin]

  lefthook-freebsd-arm64@2.1.4:
    resolution: {integrity: sha512-PVUhjOhVN71YaYsVdQyNbFZ4a2jFB2Tg5hKrrn9kaWpx64aLz/XivLjwr8sEuTaP1GRlEWBpW6Bhrcsyo39qFw==}
    cpu: [arm64]
    os: [freebsd]

  lefthook-freebsd-x64@2.1.4:
    resolution: {integrity: sha512-ZWV9o/LeyWNEBoVO+BhLqxH3rGTba05nkm5NvMjEFSj7LbUNUDbQmupZwtHl1OMGJO66eZP0CalzRfUH6GhBxQ==}
    cpu: [x64]
    os: [freebsd]

  lefthook-linux-arm64@2.1.4:
    resolution: {integrity: sha512-iWN0pGnTjrIvNIcSI1vQBJXUbybTqJ5CLMniPA0olabMXQfPDrdMKVQe+mgdwHK+E3/Y0H0ZNL3lnOj6Sk6szA==}
    cpu: [arm64]
    os: [linux]

  lefthook-linux-x64@2.1.4:
    resolution: {integrity: sha512-96bTBE/JdYgqWYAJDh+/e/0MaxJ25XTOAk7iy/fKoZ1ugf6S0W9bEFbnCFNooXOcxNVTan5xWKfcjJmPIKtsJA==}
    cpu: [x64]
    os: [linux]

  lefthook-openbsd-arm64@2.1.4:
    resolution: {integrity: sha512-oYUoK6AIJNEr9lUSpIMj6g7sWzotvtc3ryw7yoOyQM6uqmEduw73URV/qGoUcm4nqqmR93ZalZwR2r3Gd61zvw==}
    cpu: [arm64]
    os: [openbsd]

  lefthook-openbsd-x64@2.1.4:
    resolution: {integrity: sha512-i/Dv9Jcm68y9cggr1PhyUhOabBGP9+hzQPoiyOhKks7y9qrJl79A8XfG6LHekSuYc2VpiSu5wdnnrE1cj2nfTg==}
    cpu: [x64]
    os: [openbsd]

  lefthook-windows-arm64@2.1.4:
    resolution: {integrity: sha512-hSww7z+QX4YMnw2lK7DMrs3+w7NtxksuMKOkCKGyxUAC/0m1LAICo0ZbtdDtZ7agxRQQQ/SEbzFRhU5ysNcbjA==}
    cpu: [arm64]
    os: [win32]

  lefthook-windows-x64@2.1.4:
    resolution: {integrity: sha512-eE68LwnogxwcPgGsbVGPGxmghyMGmU9SdGwcc+uhGnUxPz1jL89oECMWJNc36zjVK24umNeDAzB5KA3lw1MuWw==}
    cpu: [x64]
    os: [win32]

  lefthook@2.1.4:
    resolution: {integrity: sha512-JNfJ5gAn0KADvJ1I6/xMcx70+/6TL6U9gqGkKvPw5RNMfatC7jIg0Evl97HN846xmfz959BV70l8r3QsBJk30w==}
    hasBin: true

  lines-and-columns@1.2.4:
    resolution: {integrity: sha512-7ylylesZQ/PV29jhEDl3Ufjo6ZX7gCqJr5F7PKrqc93v7fzSymt1BpwEU8nAUXs8qzzvqhbjhK5QZg6Mt/HkBg==}

  lodash.camelcase@4.3.0:
    resolution: {integrity: sha512-TwuEnCnxbc3rAvhf/LbG7tJUDzhqXyFnv3dtzLOPgCG/hODL7WFnsbwktkD7yUV0RrreP/l1PALq/YSg6VvjlA==}

  lodash.kebabcase@4.1.1:
    resolution: {integrity: sha512-N8XRTIMMqqDgSy4VLKPnJ/+hpGZN+PHQiJnSenYqPaVV/NCqEogTnAdZLQiGKhxX+JCs8waWq2t1XHWKOmlY8g==}

  lodash.mergewith@4.6.2:
    resolution: {integrity: sha512-GK3g5RPZWTRSeLSpgP8Xhra+pnjBC56q9FZYe1d5RN3TJ35dbkGy3YqBSMbyCrlbi+CM9Z3Jk5yTL7RCsqboyQ==}

  lodash.snakecase@4.1.1:
    resolution: {integrity: sha512-QZ1d4xoBHYUeuouhEq3lk3Uq7ldgyFXGBhg04+oRLnIz8o9T65Eh+8YdroUwn846zchkA9yDsDl5CVVaV2nqYw==}

  lodash.startcase@4.4.0:
    resolution: {integrity: sha512-+WKqsK294HMSc2jEbNgpHpd0JfIBhp7rEV4aqXWqFr6AlXov+SlcgB1Fv01y2kGe3Gc8nMW7VA0SrGuSkRfIEg==}

  lodash.upperfirst@4.3.1:
    resolution: {integrity: sha512-sReKOYJIJf74dhJONhU4e0/shzi1trVbSWDOhKYE5XV2O+H7Sb2Dihwuc7xWxVl+DgFPyTqIN3zMfT9cq5iWDg==}

  meow@13.2.0:
    resolution: {integrity: sha512-pxQJQzB6djGPXh08dacEloMFopsOqGVRKFPYvPOt9XDZ1HasbgDZA74CJGreSU4G3Ak7EFJGoiH2auq+yXISgA==}
    engines: {node: '>=18'}

  minimist@1.2.8:
    resolution: {integrity: sha512-2yyAR8qBkN3YuheJanUpWC5U3bb5osDywNB8RzDVlDwDHbocAJveqqj1u8+SVD7jkWT4yvsHCpWqqWqAxb0zCA==}

  nested-search-params@1.0.1:
    resolution: {integrity: sha512-UMjp93iO3PnDzLNH6XRt6xM20OoMnxy9XZf9j3EKwmrQgYJy24dU6+cSlpZTbYgBV9+QLtUYij9vGMuyqtAuYA==}

  openapi3-ts@4.5.0:
    resolution: {integrity: sha512-jaL+HgTq2Gj5jRcfdutgRGLosCy/hT8sQf6VOy+P+g36cZOjI1iukdPnijC+4CmeRzg/jEllJUboEic2FhxhtQ==}

  parent-module@1.0.1:
    resolution: {integrity: sha512-GQ2EWRpQV8/o+Aw8YqtfZZPfNRWZYkbidE9k5rpl/hC3vtHHBfGm2Ifi6qWV+coDGkrUKZAxE3Lot5kcsRlh+g==}
    engines: {node: '>=6'}

  parse-json@5.2.0:
    resolution: {integrity: sha512-ayCKvm/phCGxOkYRSCM82iDwct8/EonSEgCSxWxD7ve6jHggsFl4fZVQBPRNgQoKiuV/odhFrGzQXZwbifC8Rg==}
    engines: {node: '>=8'}

  picocolors@1.1.1:
    resolution: {integrity: sha512-xceH2snhtb5M9liqDsmEw56le376mTZkEX/jEb/RxNFyegNul7eNslCXP9FDj/Lcu0X8KEyMceP2ntpaHrDEVA==}

  require-directory@2.1.1:
    resolution: {integrity: sha512-fGxEI7+wsG9xrvdjsrlmL22OMTTiHRwAMroiEeMgq8gzoLC/PQr7RsRDSTLUg/bZAZtF+TVIkHc6/4RIKrui+Q==}
    engines: {node: '>=0.10.0'}

  require-from-string@2.0.2:
    resolution: {integrity: sha512-Xf0nWe6RseziFMu+Ap9biiUbmplq6S9/p+7w7YXP/JBHhrUDDUhwa+vANyubuqfZWTveU//DYVGsDG7RKL/vEw==}
    engines: {node: '>=0.10.0'}

  resolve-from@4.0.0:
    resolution: {integrity: sha512-pb/MYmXstAkysRFx8piNI1tGFNQIFA3vkE3Gq4EuA1dF6gHp/+vgZqsCGJapvy8N3Q+4o7FwvquPJcnZ7RYy4g==}
    engines: {node: '>=4'}

  resolve-from@5.0.0:
    resolution: {integrity: sha512-qYg9KP24dD5qka9J47d0aVky0N+b4fTU89LN9iDnjB5waksiC49rvMB0PrUJQGoTmH50XPiqOvAjDfaijGxYZw==}
    engines: {node: '>=8'}

  resolve-pkg-maps@1.0.0:
    resolution: {integrity: sha512-seS2Tj26TBVOC2NIc2rOe2y2ZO7efxITtLZcGSOnHHNOQ7CkiUBfw0Iw2ck6xkIhPwLhKNLS8BO+hEpngQlqzw==}

  ret@0.5.0:
    resolution: {integrity: sha512-I1XxrZSQ+oErkRR4jYbAyEEu2I0avBvvMM5JN+6EBprOGRCs63ENqZ3vjavq8fBw2+62G5LF5XelKwuJpcvcxw==}
    engines: {node: '>=10'}

  safe-regex2@5.1.0:
    resolution: {integrity: sha512-pNHAuBW7TrcleFHsxBr5QMi/Iyp0ENjUKz7GCcX1UO7cMh+NmVK6HxQckNL1tJp1XAJVjG6B8OKIPqodqj9rtw==}
    hasBin: true

  semver@7.7.4:
    resolution: {integrity: sha512-vFKC2IEtQnVhpT78h1Yp8wzwrf8CM+MzKMHGJZfBtzhZNycRFnXsHk6E5TxIkkMsgNS7mdX3AGB7x2QM2di4lA==}
    engines: {node: '>=10'}
    hasBin: true

  string-width@4.2.3:
    resolution: {integrity: sha512-wKyQRQpjJ0sIp62ErSZdGsjMJWsap5oRNihHhu6G7JVO/9jIB6UyevL+tXuOqrng8j/cxKTWyWUwvSTriiZz/g==}
    engines: {node: '>=8'}

  strip-ansi@6.0.1:
    resolution: {integrity: sha512-Y38VPSHcqkFrCpFnQ9vuSXmquuv5oXOKpGeT6aGrr3o3Gc9AlVa6JBfUSOCnbxGGZF+/0ooI7KrPuUSztUdU5A==}
    engines: {node: '>=8'}

  tinyexec@1.0.4:
    resolution: {integrity: sha512-u9r3uZC0bdpGOXtlxUIdwf9pkmvhqJdrVCH9fapQtgy/OeTTMZ1nqH7agtvEfmGui6e1XxjcdrlxvxJvc3sMqw==}
    engines: {node: '>=18'}

  ts-pattern@5.9.0:
    resolution: {integrity: sha512-6s5V71mX8qBUmlgbrfL33xDUwO0fq48rxAu2LBE11WBeGdpCPOsXksQbZJHvHwhrd3QjUusd3mAOM5Gg0mFBLg==}

  tsx@4.21.0:
    resolution: {integrity: sha512-5C1sg4USs1lfG0GFb2RLXsdpXqBSEhAaA/0kPL01wxzpMqLILNxIxIOKiILz+cdg/pLnOUxFYOR5yhHU666wbw==}
    engines: {node: '>=18.0.0'}
    hasBin: true

  typescript@6.0.2:
    resolution: {integrity: sha512-bGdAIrZ0wiGDo5l8c++HWtbaNCWTS4UTv7RaTH/ThVIgjkveJt83m74bBHMJkuCbslY8ixgLBVZJIOiQlQTjfQ==}
    engines: {node: '>=14.17'}
    hasBin: true

  undici-types@7.18.2:
    resolution: {integrity: sha512-AsuCzffGHJybSaRrmr5eHr81mwJU3kjw6M+uprWvCXiNeN9SOGwQ3Jn8jb8m3Z6izVgknn1R0FTCEAP2QrLY/w==}

  wrap-ansi@7.0.0:
    resolution: {integrity: sha512-YVGIj2kamLSTxw6NsZjoBxfSwsn0ycdesmc4p+Q21c5zPuZ1pl+NfxVdxPtdHvmNVOQ6XSYG4AUtyt/Fi7D16Q==}
    engines: {node: '>=10'}

  y18n@5.0.8:
    resolution: {integrity: sha512-0pfFzegeDWJHJIAmTLRP2DwHjdF5s7jo9tuztdQxAhINCdvS+3nGINqPd00AphqJR/0LhANUS6/+7SCb98YOfA==}
    engines: {node: '>=10'}

  yaml@2.8.3:
    resolution: {integrity: sha512-AvbaCLOO2Otw/lW5bmh9d/WEdcDFdQp2Z2ZUH3pX9U2ihyUY0nvLv7J6TrWowklRGPYbB/IuIMfYgxaCPg5Bpg==}
    engines: {node: '>= 14.6'}
    hasBin: true

  yargs-parser@21.1.1:
    resolution: {integrity: sha512-tVpsJW7DdjecAiFpbIB1e3qxIQsE6NoPc5/eTdrbbIC4h0LVsWhnoa3g+m2HclBIujHzsxZ4VJVA+GUuc2/LBw==}
    engines: {node: '>=12'}

  yargs@17.7.2:
    resolution: {integrity: sha512-7dSzzRQ++CKnNI/krKnYRV7JKKPUXMEh61soaHKg9mrWEhzFWhFnxPxGl+69cD1Ou63C13NUPCnmIcrvqCuM6w==}
    engines: {node: '>=12'}

  zod@4.3.6:
    resolution: {integrity: sha512-rftlrkhHZOcjDwkGlnUtZZkvaPHCsDATp4pGpuOOMDaTdDDXF91wuVDJoWoPsKX/3YPQ5fHuF3STjcYyKr+Qhg==}

snapshots:

  '@babel/code-frame@7.29.0':
    dependencies:
      '@babel/helper-validator-identifier': 7.28.5
      js-tokens: 4.0.0
      picocolors: 1.1.1

  '@babel/helper-validator-identifier@7.28.5': {}

  '@biomejs/biome@2.4.8':
    optionalDependencies:
      '@biomejs/cli-darwin-arm64': 2.4.8
      '@biomejs/cli-darwin-x64': 2.4.8
      '@biomejs/cli-linux-arm64': 2.4.8
      '@biomejs/cli-linux-arm64-musl': 2.4.8
      '@biomejs/cli-linux-x64': 2.4.8
      '@biomejs/cli-linux-x64-musl': 2.4.8
      '@biomejs/cli-win32-arm64': 2.4.8
      '@biomejs/cli-win32-x64': 2.4.8

  '@biomejs/cli-darwin-arm64@2.4.8':
    optional: true

  '@biomejs/cli-darwin-x64@2.4.8':
    optional: true

  '@biomejs/cli-linux-arm64-musl@2.4.8':
    optional: true

  '@biomejs/cli-linux-arm64@2.4.8':
    optional: true

  '@biomejs/cli-linux-x64-musl@2.4.8':
    optional: true

  '@biomejs/cli-linux-x64@2.4.8':
    optional: true

  '@biomejs/cli-win32-arm64@2.4.8':
    optional: true

  '@biomejs/cli-win32-x64@2.4.8':
    optional: true

  '@commitlint/cli@20.5.0(@types/node@25.5.0)(conventional-commits-parser@6.4.0)(typescript@6.0.2)':
    dependencies:
      '@commitlint/format': 20.5.0
      '@commitlint/lint': 20.5.0
      '@commitlint/load': 20.5.0(@types/node@25.5.0)(typescript@6.0.2)
      '@commitlint/read': 20.5.0(conventional-commits-parser@6.4.0)
      '@commitlint/types': 20.5.0
      tinyexec: 1.0.4
      yargs: 17.7.2
    transitivePeerDependencies:
      - '@types/node'
      - conventional-commits-filter
      - conventional-commits-parser
      - typescript

  '@commitlint/config-conventional@20.5.0':
    dependencies:
      '@commitlint/types': 20.5.0
      conventional-changelog-conventionalcommits: 9.3.1

  '@commitlint/config-validator@20.5.0':
    dependencies:
      '@commitlint/types': 20.5.0
      ajv: 8.18.0

  '@commitlint/ensure@20.5.0':
    dependencies:
      '@commitlint/types': 20.5.0
      lodash.camelcase: 4.3.0
      lodash.kebabcase: 4.1.1
      lodash.snakecase: 4.1.1
      lodash.startcase: 4.4.0
      lodash.upperfirst: 4.3.1

  '@commitlint/execute-rule@20.0.0': {}

  '@commitlint/format@20.5.0':
    dependencies:
      '@commitlint/types': 20.5.0
      picocolors: 1.1.1

  '@commitlint/is-ignored@20.5.0':
    dependencies:
      '@commitlint/types': 20.5.0
      semver: 7.7.4

  '@commitlint/lint@20.5.0':
    dependencies:
      '@commitlint/is-ignored': 20.5.0
      '@commitlint/parse': 20.5.0
      '@commitlint/rules': 20.5.0
      '@commitlint/types': 20.5.0

  '@commitlint/load@20.5.0(@types/node@25.5.0)(typescript@6.0.2)':
    dependencies:
      '@commitlint/config-validator': 20.5.0
      '@commitlint/execute-rule': 20.0.0
      '@commitlint/resolve-extends': 20.5.0
      '@commitlint/types': 20.5.0
      cosmiconfig: 9.0.1(typescript@6.0.2)
      cosmiconfig-typescript-loader: 6.2.0(@types/node@25.5.0)(cosmiconfig@9.0.1(typescript@6.0.2))(typescript@6.0.2)
      is-plain-obj: 4.1.0
      lodash.mergewith: 4.6.2
      picocolors: 1.1.1
    transitivePeerDependencies:
      - '@types/node'
      - typescript

  '@commitlint/message@20.4.3': {}

  '@commitlint/parse@20.5.0':
    dependencies:
      '@commitlint/types': 20.5.0
      conventional-changelog-angular: 8.3.1
      conventional-commits-parser: 6.4.0

  '@commitlint/read@20.5.0(conventional-commits-parser@6.4.0)':
    dependencies:
      '@commitlint/top-level': 20.4.3
      '@commitlint/types': 20.5.0
      git-raw-commits: 5.0.1(conventional-commits-parser@6.4.0)
      minimist: 1.2.8
      tinyexec: 1.0.4
    transitivePeerDependencies:
      - conventional-commits-filter
      - conventional-commits-parser

  '@commitlint/resolve-extends@20.5.0':
    dependencies:
      '@commitlint/config-validator': 20.5.0
      '@commitlint/types': 20.5.0
      global-directory: 4.0.1
      import-meta-resolve: 4.2.0
      lodash.mergewith: 4.6.2
      resolve-from: 5.0.0

  '@commitlint/rules@20.5.0':
    dependencies:
      '@commitlint/ensure': 20.5.0
      '@commitlint/message': 20.4.3
      '@commitlint/to-lines': 20.0.0
      '@commitlint/types': 20.5.0

  '@commitlint/to-lines@20.0.0': {}

  '@commitlint/top-level@20.4.3':
    dependencies:
      escalade: 3.2.0

  '@commitlint/types@20.5.0':
    dependencies:
      conventional-commits-parser: 6.4.0
      picocolors: 1.1.1

  '@conventional-changelog/git-client@2.6.0(conventional-commits-parser@6.4.0)':
    dependencies:
      '@simple-libs/child-process-utils': 1.0.2
      '@simple-libs/stream-utils': 1.2.0
      semver: 7.7.4
    optionalDependencies:
      conventional-commits-parser: 6.4.0

  '@esbuild/aix-ppc64@0.27.5':
    optional: true

  '@esbuild/android-arm64@0.27.5':
    optional: true

  '@esbuild/android-arm@0.27.5':
    optional: true

  '@esbuild/android-x64@0.27.5':
    optional: true

  '@esbuild/darwin-arm64@0.27.5':
    optional: true

  '@esbuild/darwin-x64@0.27.5':
    optional: true

  '@esbuild/freebsd-arm64@0.27.5':
    optional: true

  '@esbuild/freebsd-x64@0.27.5':
    optional: true

  '@esbuild/linux-arm64@0.27.5':
    optional: true

  '@esbuild/linux-arm@0.27.5':
    optional: true

  '@esbuild/linux-ia32@0.27.5':
    optional: true

  '@esbuild/linux-loong64@0.27.5':
    optional: true

  '@esbuild/linux-mips64el@0.27.5':
    optional: true

  '@esbuild/linux-ppc64@0.27.5':
    optional: true

  '@esbuild/linux-riscv64@0.27.5':
    optional: true

  '@esbuild/linux-s390x@0.27.5':
    optional: true

  '@esbuild/linux-x64@0.27.5':
    optional: true

  '@esbuild/netbsd-arm64@0.27.5':
    optional: true

  '@esbuild/netbsd-x64@0.27.5':
    optional: true

  '@esbuild/openbsd-arm64@0.27.5':
    optional: true

  '@esbuild/openbsd-x64@0.27.5':
    optional: true

  '@esbuild/openharmony-arm64@0.27.5':
    optional: true

  '@esbuild/sunos-x64@0.27.5':
    optional: true

  '@esbuild/win32-arm64@0.27.5':
    optional: true

  '@esbuild/win32-ia32@0.27.5':
    optional: true

  '@esbuild/win32-x64@0.27.5':
    optional: true

  '@simple-libs/child-process-utils@1.0.2':
    dependencies:
      '@simple-libs/stream-utils': 1.2.0

  '@simple-libs/stream-utils@1.2.0': {}

  '@standard-schema/spec@1.1.0': {}

  '@taxum/core@1.2.2':
    dependencies:
      '@standard-schema/spec': 1.1.0
      find-my-way: 9.5.0
      nested-search-params: 1.0.1
      ts-pattern: 5.9.0

  '@tsconfig/node24@24.0.4': {}

  '@types/node@25.5.0':
    dependencies:
      undici-types: 7.18.2

  ajv@8.18.0:
    dependencies:
      fast-deep-equal: 3.1.3
      fast-uri: 3.1.0
      json-schema-traverse: 1.0.0
      require-from-string: 2.0.2

  ansi-regex@5.0.1: {}

  ansi-styles@4.3.0:
    dependencies:
      color-convert: 2.0.1

  argparse@2.0.1: {}

  array-ify@1.0.0: {}

  callsites@3.1.0: {}

  cliui@8.0.1:
    dependencies:
      string-width: 4.2.3
      strip-ansi: 6.0.1
      wrap-ansi: 7.0.0

  color-convert@2.0.1:
    dependencies:
      color-name: 1.1.4

  color-name@1.1.4: {}

  compare-func@2.0.0:
    dependencies:
      array-ify: 1.0.0
      dot-prop: 5.3.0

  conventional-changelog-angular@8.3.1:
    dependencies:
      compare-func: 2.0.0

  conventional-changelog-conventionalcommits@9.3.1:
    dependencies:
      compare-func: 2.0.0

  conventional-commits-parser@6.4.0:
    dependencies:
      '@simple-libs/stream-utils': 1.2.0
      meow: 13.2.0

  cosmiconfig-typescript-loader@6.2.0(@types/node@25.5.0)(cosmiconfig@9.0.1(typescript@6.0.2))(typescript@6.0.2):
    dependencies:
      '@types/node': 25.5.0
      cosmiconfig: 9.0.1(typescript@6.0.2)
      jiti: 2.6.1
      typescript: 6.0.2

  cosmiconfig@9.0.1(typescript@6.0.2):
    dependencies:
      env-paths: 2.2.1
      import-fresh: 3.3.1
      js-yaml: 4.1.1
      parse-json: 5.2.0
    optionalDependencies:
      typescript: 6.0.2

  dot-prop@5.3.0:
    dependencies:
      is-obj: 2.0.0

  emoji-regex@8.0.0: {}

  env-paths@2.2.1: {}

  error-ex@1.3.4:
    dependencies:
      is-arrayish: 0.2.1

  esbuild@0.27.5:
    optionalDependencies:
      '@esbuild/aix-ppc64': 0.27.5
      '@esbuild/android-arm': 0.27.5
      '@esbuild/android-arm64': 0.27.5
      '@esbuild/android-x64': 0.27.5
      '@esbuild/darwin-arm64': 0.27.5
      '@esbuild/darwin-x64': 0.27.5
      '@esbuild/freebsd-arm64': 0.27.5
      '@esbuild/freebsd-x64': 0.27.5
      '@esbuild/linux-arm': 0.27.5
      '@esbuild/linux-arm64': 0.27.5
      '@esbuild/linux-ia32': 0.27.5
      '@esbuild/linux-loong64': 0.27.5
      '@esbuild/linux-mips64el': 0.27.5
      '@esbuild/linux-ppc64': 0.27.5
      '@esbuild/linux-riscv64': 0.27.5
      '@esbuild/linux-s390x': 0.27.5
      '@esbuild/linux-x64': 0.27.5
      '@esbuild/netbsd-arm64': 0.27.5
      '@esbuild/netbsd-x64': 0.27.5
      '@esbuild/openbsd-arm64': 0.27.5
      '@esbuild/openbsd-x64': 0.27.5
      '@esbuild/openharmony-arm64': 0.27.5
      '@esbuild/sunos-x64': 0.27.5
      '@esbuild/win32-arm64': 0.27.5
      '@esbuild/win32-ia32': 0.27.5
      '@esbuild/win32-x64': 0.27.5

  escalade@3.2.0: {}

  fast-decode-uri-component@1.0.1: {}

  fast-deep-equal@3.1.3: {}

  fast-escape-html@1.1.0: {}

  fast-querystring@1.1.2:
    dependencies:
      fast-decode-uri-component: 1.0.1

  fast-uri@3.1.0: {}

  find-my-way@9.5.0:
    dependencies:
      fast-deep-equal: 3.1.3
      fast-querystring: 1.1.2
      safe-regex2: 5.1.0

  fsevents@2.3.3:
    optional: true

  get-caller-file@2.0.5: {}

  get-tsconfig@4.13.7:
    dependencies:
      resolve-pkg-maps: 1.0.0

  git-raw-commits@5.0.1(conventional-commits-parser@6.4.0):
    dependencies:
      '@conventional-changelog/git-client': 2.6.0(conventional-commits-parser@6.4.0)
      meow: 13.2.0
    transitivePeerDependencies:
      - conventional-commits-filter
      - conventional-commits-parser

  global-directory@4.0.1:
    dependencies:
      ini: 4.1.1

  import-fresh@3.3.1:
    dependencies:
      parent-module: 1.0.1
      resolve-from: 4.0.0

  import-meta-resolve@4.2.0: {}

  ini@4.1.1: {}

  is-arrayish@0.2.1: {}

  is-fullwidth-code-point@3.0.0: {}

  is-obj@2.0.0: {}

  is-plain-obj@4.1.0: {}

  jiti@2.6.1: {}

  js-tokens@4.0.0: {}

  js-yaml@4.1.1:
    dependencies:
      argparse: 2.0.1

  json-parse-even-better-errors@2.3.1: {}

  json-schema-traverse@1.0.0: {}

  lefthook-darwin-arm64@2.1.4:
    optional: true

  lefthook-darwin-x64@2.1.4:
    optional: true

  lefthook-freebsd-arm64@2.1.4:
    optional: true

  lefthook-freebsd-x64@2.1.4:
    optional: true

  lefthook-linux-arm64@2.1.4:
    optional: true

  lefthook-linux-x64@2.1.4:
    optional: true

  lefthook-openbsd-arm64@2.1.4:
    optional: true

  lefthook-openbsd-x64@2.1.4:
    optional: true

  lefthook-windows-arm64@2.1.4:
    optional: true

  lefthook-windows-x64@2.1.4:
    optional: true

  lefthook@2.1.4:
    optionalDependencies:
      lefthook-darwin-arm64: 2.1.4
      lefthook-darwin-x64: 2.1.4
      lefthook-freebsd-arm64: 2.1.4
      lefthook-freebsd-x64: 2.1.4
      lefthook-linux-arm64: 2.1.4
      lefthook-linux-x64: 2.1.4
      lefthook-openbsd-arm64: 2.1.4
      lefthook-openbsd-x64: 2.1.4
      lefthook-windows-arm64: 2.1.4
      lefthook-windows-x64: 2.1.4

  lines-and-columns@1.2.4: {}

  lodash.camelcase@4.3.0: {}

  lodash.kebabcase@4.1.1: {}

  lodash.mergewith@4.6.2: {}

  lodash.snakecase@4.1.1: {}

  lodash.startcase@4.4.0: {}

  lodash.upperfirst@4.3.1: {}

  meow@13.2.0: {}

  minimist@1.2.8: {}

  nested-search-params@1.0.1: {}

  openapi3-ts@4.5.0:
    dependencies:
      yaml: 2.8.3

  parent-module@1.0.1:
    dependencies:
      callsites: 3.1.0

  parse-json@5.2.0:
    dependencies:
      '@babel/code-frame': 7.29.0
      error-ex: 1.3.4
      json-parse-even-better-errors: 2.3.1
      lines-and-columns: 1.2.4

  picocolors@1.1.1: {}

  require-directory@2.1.1: {}

  require-from-string@2.0.2: {}

  resolve-from@4.0.0: {}

  resolve-from@5.0.0: {}

  resolve-pkg-maps@1.0.0: {}

  ret@0.5.0: {}

  safe-regex2@5.1.0:
    dependencies:
      ret: 0.5.0

  semver@7.7.4: {}

  string-width@4.2.3:
    dependencies:
      emoji-regex: 8.0.0
      is-fullwidth-code-point: 3.0.0
      strip-ansi: 6.0.1

  strip-ansi@6.0.1:
    dependencies:
      ansi-regex: 5.0.1

  tinyexec@1.0.4: {}

  ts-pattern@5.9.0: {}

  tsx@4.21.0:
    dependencies:
      esbuild: 0.27.5
      get-tsconfig: 4.13.7
    optionalDependencies:
      fsevents: 2.3.3

  typescript@6.0.2: {}

  undici-types@7.18.2: {}

  wrap-ansi@7.0.0:
    dependencies:
      ansi-styles: 4.3.0
      string-width: 4.2.3
      strip-ansi: 6.0.1

  y18n@5.0.8: {}

  yaml@2.8.3: {}

  yargs-parser@21.1.1: {}

  yargs@17.7.2:
    dependencies:
      cliui: 8.0.1
      escalade: 3.2.0
      get-caller-file: 2.0.5
      require-directory: 2.1.1
      string-width: 4.2.3
      y18n: 5.0.8
      yargs-parser: 21.1.1

  zod@4.3.6: {}
